
Microsoft Visual Studio Solution File, Format Version 12.00
# Visual Studio Version 17
VisualStudioVersion = 17.9.34723.18
MinimumVisualStudioVersion = 10.0.40219.1
Project("{9A19103F-16F7-4668-BE54-9A1E7A4F7556}") = "UniLearn", "UniLearn\UniLearn.csproj", "{DBEF8BFD-724E-4713-842E-F33D7B5F9651}"
EndProject
Project("{9A19103F-16F7-4668-BE54-9A1E7A4F7556}") = "UniLearn.Data", "UniLearn.Data\UniLearn.Data.csproj", "{E522BB3C-817C-44BA-87F9-C8FF1F3DA28C}"
EndProject
Project("{9A19103F-16F7-4668-BE54-9A1E7A4F7556}") = "UniLearn.Schedule", "UniLearn.Schedule\UniLearn.Schedule.csproj", "{A38A8805-3994-4D3E-AF1F-D36ECB85604E}"
EndProject
Project("{2150E333-8FDC-42A3-9474-1A3956D46DE8}") = "Solution Items", "Solution Items", "{D5FEB42A-BED9-4D11-9330-C66C17D98FBD}"
	ProjectSection(SolutionItems) = preProject
		.editorconfig = .editorconfig
	EndProjectSection
EndProject
Project("{9A19103F-16F7-4668-BE54-9A1E7A4F7556}") = "UniLearn.Abstractions", "UniLearn.Abstractions\UniLearn.Abstractions.csproj", "{B37E263D-245E-4357-8885-EF1A82332280}"
EndProject
Project("{FAE04EC0-301F-11D3-BF4B-00C04F79EFBC}") = "UniLearn.UnitTests", "UniLearn.UnitTests\UniLearn.UnitTests.csproj", "{E7473E8D-C0E9-4DB1-A9EA-9B51E67443B6}"
EndProject
Global
	GlobalSection(SolutionConfigurationPlatforms) = preSolution
		Debug|Any CPU = Debug|Any CPU
		Release|Any CPU = Release|Any CPU
	EndGlobalSection
	GlobalSection(ProjectConfigurationPlatforms) = postSolution
		{DBEF8BFD-724E-4713-842E-F33D7B5F9651}.Debug|Any CPU.ActiveCfg = Debug|Any CPU
		{DBEF8BFD-724E-4713-842E-F33D7B5F9651}.Debug|Any CPU.Build.0 = Debug|Any CPU
		{DBEF8BFD-724E-4713-842E-F33D7B5F9651}.Debug|Any CPU.Deploy.0 = Debug|Any CPU
		{DBEF8BFD-724E-4713-842E-F33D7B5F9651}.Release|Any CPU.ActiveCfg = Release|Any CPU
		{DBEF8BFD-724E-4713-842E-F33D7B5F9651}.Release|Any CPU.Build.0 = Release|Any CPU
		{DBEF8BFD-724E-4713-842E-F33D7B5F9651}.Release|Any CPU.Deploy.0 = Release|Any CPU
		{E522BB3C-817C-44BA-87F9-C8FF1F3DA28C}.Debug|Any CPU.ActiveCfg = Debug|Any CPU
		{E522BB3C-817C-44BA-87F9-C8FF1F3DA28C}.Debug|Any CPU.Build.0 = Debug|Any CPU
		{E522BB3C-817C-44BA-87F9-C8FF1F3DA28C}.Release|Any CPU.ActiveCfg = Release|Any CPU
		{E522BB3C-817C-44BA-87F9-C8FF1F3DA28C}.Release|Any CPU.Build.0 = Release|Any CPU
		{A38A8805-3994-4D3E-AF1F-D36ECB85604E}.Debug|Any CPU.ActiveCfg = Debug|Any CPU
		{A38A8805-3994-4D3E-AF1F-D36ECB85604E}.Debug|Any CPU.Build.0 = Debug|Any CPU
		{A38A8805-3994-4D3E-AF1F-D36ECB85604E}.Release|Any CPU.ActiveCfg = Release|Any CPU
		{A38A8805-3994-4D3E-AF1F-D36ECB85604E}.Release|Any CPU.Build.0 = Release|Any CPU
		{B37E263D-245E-4357-8885-EF1A82332280}.Debug|Any CPU.ActiveCfg = Debug|Any CPU
		{B37E263D-245E-4357-8885-EF1A82332280}.Debug|Any CPU.Build.0 = Debug|Any CPU
		{B37E263D-245E-4357-8885-EF1A82332280}.Release|Any CPU.ActiveCfg = Release|Any CPU
		{B37E263D-245E-4357-8885-EF1A82332280}.Release|Any CPU.Build.0 = Release|Any CPU
		{E7473E8D-C0E9-4DB1-A9EA-9B51E67443B6}.Debug|Any CPU.ActiveCfg = Debug|Any CPU
		{E7473E8D-C0E9-4DB1-A9EA-9B51E67443B6}.Debug|Any CPU.Build.0 = Debug|Any CPU
		{E7473E8D-C0E9-4DB1-A9EA-9B51E67443B6}.Release|Any CPU.ActiveCfg = Release|Any CPU
		{E7473E8D-C0E9-4DB1-A9EA-9B51E67443B6}.Release|Any CPU.Build.0 = Release|Any CPU
	EndGlobalSection
	GlobalSection(SolutionProperties) = preSolution
		HideSolutionNode = FALSE
	EndGlobalSection
	GlobalSection(ExtensibilityGlobals) = postSolution
		SolutionGuid = {5274B0D9-24FF-4F08-906C-8BC83787D8A8}
	EndGlobalSection
EndGlobal
